
Microsoft Visual Studio Solution File, Format Version 12.00
# Visual Studio Version 17
VisualStudioVersion = 17.4.33205.214
MinimumVisualStudioVersion = 10.0.40219.1
Project("{9A19103F-16F7-4668-BE54-9A1E7A4F7556}") = "Narratology", "Narratology\Narratology.csproj", "{73AA848D-861A-4C7F-B27B-EC38C7377AF7}"
EndProject
Project("{9A19103F-16F7-4668-BE54-9A1E7A4F7556}") = "System.Collections.Automata", "System.Collections.Automata\System.Collections.Automata.csproj", "{D5A5C530-383F-41CD-B454-BAC5A1564A5E}"
EndProject
Project("{9A19103F-16F7-4668-BE54-9A1E7A4F7556}") = "Tests", "Tests\Tests.csproj", "{744A3399-32D6-420B-A34B-B057FCCFD88E}"
EndProject
Project("{9A19103F-16F7-4668-BE54-9A1E7A4F7556}") = "Epistemology", "Epistemology\Epistemology.csproj", "{9FC203F0-9767-4F9E-BDDF-A776CA100D2D}"
EndProject
Project("{FAE04EC0-301F-11D3-BF4B-00C04F79EFBC}") = "Inspectability", "Inspectability\Inspectability.csproj", "{668776A9-F156-4096-814F-63F77371DF3F}"
EndProject
Global
	GlobalSection(SolutionConfigurationPlatforms) = preSolution
		Debug|Any CPU = Debug|Any CPU
		Release|Any CPU = Release|Any CPU
	EndGlobalSection
	GlobalSection(ProjectConfigurationPlatforms) = postSolution
		{73AA848D-861A-4C7F-B27B-EC38C7377AF7}.Debug|Any CPU.ActiveCfg = Debug|Any CPU
		{73AA848D-861A-4C7F-B27B-EC38C7377AF7}.Debug|Any CPU.Build.0 = Debug|Any CPU
		{73AA848D-861A-4C7F-B27B-EC38C7377AF7}.Release|Any CPU.ActiveCfg = Release|Any CPU
		{73AA848D-861A-4C7F-B27B-EC38C7377AF7}.Release|Any CPU.Build.0 = Release|Any CPU
		{D5A5C530-383F-41CD-B454-BAC5A1564A5E}.Debug|Any CPU.ActiveCfg = Debug|Any CPU
		{D5A5C530-383F-41CD-B454-BAC5A1564A5E}.Debug|Any CPU.Build.0 = Debug|Any CPU
		{D5A5C530-383F-41CD-B454-BAC5A1564A5E}.Release|Any CPU.ActiveCfg = Release|Any CPU
		{D5A5C530-383F-41CD-B454-BAC5A1564A5E}.Release|Any CPU.Build.0 = Release|Any CPU
		{744A3399-32D6-420B-A34B-B057FCCFD88E}.Debug|Any CPU.ActiveCfg = Debug|Any CPU
		{744A3399-32D6-420B-A34B-B057FCCFD88E}.Debug|Any CPU.Build.0 = Debug|Any CPU
		{744A3399-32D6-420B-A34B-B057FCCFD88E}.Release|Any CPU.ActiveCfg = Release|Any CPU
		{744A3399-32D6-420B-A34B-B057FCCFD88E}.Release|Any CPU.Build.0 = Release|Any CPU
		{9FC203F0-9767-4F9E-BDDF-A776CA100D2D}.Debug|Any CPU.ActiveCfg = Debug|Any CPU
		{9FC203F0-9767-4F9E-BDDF-A776CA100D2D}.Debug|Any CPU.Build.0 = Debug|Any CPU
		{9FC203F0-9767-4F9E-BDDF-A776CA100D2D}.Release|Any CPU.ActiveCfg = Release|Any CPU
		{9FC203F0-9767-4F9E-BDDF-A776CA100D2D}.Release|Any CPU.Build.0 = Release|Any CPU
		{668776A9-F156-4096-814F-63F77371DF3F}.Debug|Any CPU.ActiveCfg = Debug|Any CPU
		{668776A9-F156-4096-814F-63F77371DF3F}.Debug|Any CPU.Build.0 = Debug|Any CPU
		{668776A9-F156-4096-814F-63F77371DF3F}.Release|Any CPU.ActiveCfg = Release|Any CPU
		{668776A9-F156-4096-814F-63F77371DF3F}.Release|Any CPU.Build.0 = Release|Any CPU
	EndGlobalSection
	GlobalSection(SolutionProperties) = preSolution
		HideSolutionNode = FALSE
	EndGlobalSection
	GlobalSection(ExtensibilityGlobals) = postSolution
		SolutionGuid = {244F2DD1-CFF1-46AB-B141-ECDF190B3227}
	EndGlobalSection
EndGlobal
